
Microsoft Visual Studio Solution File, Format Version 12.00
# Visual Studio 14

Project("{E24C65DC-7377-472B-9ABA-BC803B73C61A}") = "CoreApplication", "app\", "80452F46-9E21-44CA-A866-16A323C4436B"
EndProject
Project("{2150E333-8FDC-42A3-9474-1A3956D46DE8}") = "Code On Time Items", "Code On Time Items", "{1054500D-B505-4365-A3E5-82B34F87C880}"
	ProjectSection(SolutionItems) = preProject
		ClientLibrary.en-US.txt = ClientLibrary.en-US.txt
		DataAquarium.Project.xml = DataAquarium.Project.xml
		DataAquarium.Version.xml = DataAquarium.Version.xml
	EndProjectSection
EndProject
